
Microsoft Visual Studio Solution File, Format Version 12.00
# Visual Studio Version 16
VisualStudioVersion = 16.0.29025.244
MinimumVisualStudioVersion = 10.0.40219.1
Project("{9A19103F-16F7-4668-BE54-9A1E7A4F7556}") = "Spectromart", "Spectromart\Spectromart.csproj", "{26AF44E1-61C5-4103-976F-4D1EA18E1294}"
EndProject
Project("{9A19103F-16F7-4668-BE54-9A1E7A4F7556}") = "DataAccess", "DataAccess\DataAccess.csproj", "{0A2BA977-4765-4B23-A2D1-F2C5B8FDE149}"
EndProject
Project("{9A19103F-16F7-4668-BE54-9A1E7A4F7556}") = "BusinessLayer", "BusinessLayer\BusinessLayer.csproj", "{BBD07CD9-BE8D-4623-985B-556DC91A3454}"
EndProject
Global
	GlobalSection(SolutionConfigurationPlatforms) = preSolution
		Debug|Any CPU = Debug|Any CPU
		Release|Any CPU = Release|Any CPU
	EndGlobalSection
	GlobalSection(ProjectConfigurationPlatforms) = postSolution
		{26AF44E1-61C5-4103-976F-4D1EA18E1294}.Debug|Any CPU.ActiveCfg = Debug|Any CPU
		{26AF44E1-61C5-4103-976F-4D1EA18E1294}.Debug|Any CPU.Build.0 = Debug|Any CPU
		{26AF44E1-61C5-4103-976F-4D1EA18E1294}.Release|Any CPU.ActiveCfg = Release|Any CPU
		{26AF44E1-61C5-4103-976F-4D1EA18E1294}.Release|Any CPU.Build.0 = Release|Any CPU
		{0A2BA977-4765-4B23-A2D1-F2C5B8FDE149}.Debug|Any CPU.ActiveCfg = Debug|Any CPU
		{0A2BA977-4765-4B23-A2D1-F2C5B8FDE149}.Debug|Any CPU.Build.0 = Debug|Any CPU
		{0A2BA977-4765-4B23-A2D1-F2C5B8FDE149}.Release|Any CPU.ActiveCfg = Release|Any CPU
		{0A2BA977-4765-4B23-A2D1-F2C5B8FDE149}.Release|Any CPU.Build.0 = Release|Any CPU
		{BBD07CD9-BE8D-4623-985B-556DC91A3454}.Debug|Any CPU.ActiveCfg = Debug|Any CPU
		{BBD07CD9-BE8D-4623-985B-556DC91A3454}.Debug|Any CPU.Build.0 = Debug|Any CPU
		{BBD07CD9-BE8D-4623-985B-556DC91A3454}.Release|Any CPU.ActiveCfg = Release|Any CPU
		{BBD07CD9-BE8D-4623-985B-556DC91A3454}.Release|Any CPU.Build.0 = Release|Any CPU
	EndGlobalSection
	GlobalSection(SolutionProperties) = preSolution
		HideSolutionNode = FALSE
	EndGlobalSection
	GlobalSection(ExtensibilityGlobals) = postSolution
		SolutionGuid = {A5CC950A-CA76-4ACD-B2A2-052678465C79}
	EndGlobalSection
EndGlobal
